
Microsoft Visual Studio Solution File, Format Version 12.00
# Visual Studio Version 16
VisualStudioVersion = 16.0.30413.136
MinimumVisualStudioVersion = 10.0.40219.1
Project("{888888A0-9F3D-457C-B088-3A5042F75D52}") = "PythonWithGUI", "PythonWithGUI.pyproj", "{E594E837-24A0-44FA-8796-6AF839952EDF}"
EndProject
Global
	GlobalSection(SolutionConfigurationPlatforms) = preSolution
		Debug|Any CPU = Debug|Any CPU
		Release|Any CPU = Release|Any CPU
	EndGlobalSection
	GlobalSection(ProjectConfigurationPlatforms) = postSolution
		{E594E837-24A0-44FA-8796-6AF839952EDF}.Debug|Any CPU.ActiveCfg = Debug|Any CPU
		{E594E837-24A0-44FA-8796-6AF839952EDF}.Release|Any CPU.ActiveCfg = Release|Any CPU
	EndGlobalSection
	GlobalSection(SolutionProperties) = preSolution
		HideSolutionNode = FALSE
	EndGlobalSection
	GlobalSection(ExtensibilityGlobals) = postSolution
		SolutionGuid = {172867AE-13F3-443B-B301-CDE476E065AC}
	EndGlobalSection
EndGlobal
