
Microsoft Visual Studio Solution File, Format Version 12.00
# Visual Studio Version 17
VisualStudioVersion = 17.5.33530.505
MinimumVisualStudioVersion = 10.0.40219.1
Project("{FAE04EC0-301F-11D3-BF4B-00C04F79EFBC}") = "WpfControlLibrary1", "WpfControlLibrary1\WpfControlLibrary1.csproj", "{3B43A978-E69B-4ADA-A9F7-189B97191D3B}"
EndProject
Global
	GlobalSection(SolutionConfigurationPlatforms) = preSolution
		Debug|Any CPU = Debug|Any CPU
		Release|Any CPU = Release|Any CPU
	EndGlobalSection
	GlobalSection(ProjectConfigurationPlatforms) = postSolution
		{3B43A978-E69B-4ADA-A9F7-189B97191D3B}.Debug|Any CPU.ActiveCfg = Debug|Any CPU
		{3B43A978-E69B-4ADA-A9F7-189B97191D3B}.Debug|Any CPU.Build.0 = Debug|Any CPU
		{3B43A978-E69B-4ADA-A9F7-189B97191D3B}.Release|Any CPU.ActiveCfg = Release|Any CPU
		{3B43A978-E69B-4ADA-A9F7-189B97191D3B}.Release|Any CPU.Build.0 = Release|Any CPU
	EndGlobalSection
	GlobalSection(SolutionProperties) = preSolution
		HideSolutionNode = FALSE
	EndGlobalSection
	GlobalSection(ExtensibilityGlobals) = postSolution
		SolutionGuid = {115223A9-CCD8-4342-8E03-271224D2AA20}
	EndGlobalSection
EndGlobal
