
Microsoft Visual Studio Solution File, Format Version 12.00
# Visual Studio Version 17
VisualStudioVersion = 17.5.33530.505
MinimumVisualStudioVersion = 10.0.40219.1
Project("{888888A0-9F3D-457C-B088-3A5042F75D52}") = "Server_II", "Server_II.pyproj", "{340F9341-A14B-450C-8FBB-69BA4020F1A7}"
EndProject
Global
	GlobalSection(SolutionConfigurationPlatforms) = preSolution
		Debug|Any CPU = Debug|Any CPU
		Release|Any CPU = Release|Any CPU
	EndGlobalSection
	GlobalSection(ProjectConfigurationPlatforms) = postSolution
		{340F9341-A14B-450C-8FBB-69BA4020F1A7}.Debug|Any CPU.ActiveCfg = Debug|Any CPU
		{340F9341-A14B-450C-8FBB-69BA4020F1A7}.Release|Any CPU.ActiveCfg = Release|Any CPU
	EndGlobalSection
	GlobalSection(SolutionProperties) = preSolution
		HideSolutionNode = FALSE
	EndGlobalSection
	GlobalSection(ExtensibilityGlobals) = postSolution
		SolutionGuid = {53BE8638-B011-4487-82C9-5DC38824A2E6}
	EndGlobalSection
EndGlobal
