
Microsoft Visual Studio Solution File, Format Version 12.00
# Visual Studio Version 16
VisualStudioVersion = 16.0.30413.136
MinimumVisualStudioVersion = 10.0.40219.1
Project("{FAE04EC0-301F-11D3-BF4B-00C04F79EFBC}") = "Network Writer", "Network Writer.csproj", "{61D9D693-AA72-4F72-9B89-626401802465}"
EndProject
Global
	GlobalSection(SolutionConfigurationPlatforms) = preSolution
		Debug|Any CPU = Debug|Any CPU
		Release|Any CPU = Release|Any CPU
	EndGlobalSection
	GlobalSection(ProjectConfigurationPlatforms) = postSolution
		{61D9D693-AA72-4F72-9B89-626401802465}.Debug|Any CPU.ActiveCfg = Debug|Any CPU
		{61D9D693-AA72-4F72-9B89-626401802465}.Debug|Any CPU.Build.0 = Debug|Any CPU
		{61D9D693-AA72-4F72-9B89-626401802465}.Release|Any CPU.ActiveCfg = Release|Any CPU
		{61D9D693-AA72-4F72-9B89-626401802465}.Release|Any CPU.Build.0 = Release|Any CPU
	EndGlobalSection
	GlobalSection(SolutionProperties) = preSolution
		HideSolutionNode = FALSE
	EndGlobalSection
	GlobalSection(ExtensibilityGlobals) = postSolution
		SolutionGuid = {0883C0B1-FFBD-4CCD-ADCF-FC5D18B2AD2D}
	EndGlobalSection
EndGlobal
